
Microsoft Visual Studio Solution File, Format Version 12.00
# Visual Studio Version 17
VisualStudioVersion = 17.10.35122.118
MinimumVisualStudioVersion = 10.0.40219.1
Project("{FAE04EC0-301F-11D3-BF4B-00C04F79EFBC}") = "TaxAppealPlus", "TaxAppealPlus\TaxAppealPlus.csproj", "{597DE884-401C-404A-9252-22D1FD34C278}"
EndProject
Global
	GlobalSection(SolutionConfigurationPlatforms) = preSolution
		Debug|Any CPU = Debug|Any CPU
		Release|Any CPU = Release|Any CPU
	EndGlobalSection
	GlobalSection(ProjectConfigurationPlatforms) = postSolution
		{597DE884-401C-404A-9252-22D1FD34C278}.Debug|Any CPU.ActiveCfg = Debug|Any CPU
		{597DE884-401C-404A-9252-22D1FD34C278}.Debug|Any CPU.Build.0 = Debug|Any CPU
		{597DE884-401C-404A-9252-22D1FD34C278}.Release|Any CPU.ActiveCfg = Release|Any CPU
		{597DE884-401C-404A-9252-22D1FD34C278}.Release|Any CPU.Build.0 = Release|Any CPU
	EndGlobalSection
	GlobalSection(SolutionProperties) = preSolution
		HideSolutionNode = FALSE
	EndGlobalSection
	GlobalSection(ExtensibilityGlobals) = postSolution
		SolutionGuid = {C2A5C4A5-B0B7-4A87-A18C-95264A5250B5}
	EndGlobalSection
EndGlobal
